Microsoft Visual Studio Solution File, Format Version 12.00
# Visual Studio 15
VisualStudioVersion = 15.0.28307.421
MinimumVisualStudioVersion = 10.0.40219.1
Project("{FAE04EC0-301F-11D3-BF4B-00C04F79EFBC}") = "2019.05.11", "2019.05.11\2019.05.11.csproj", "{01070C87-1E0D-4FA7-B27F-853E6B59A91D}"
EndProject
Project("{FAE04EC0-301F-11D3-BF4B-00C04F79EFBC}") = "2019.05.04", "2019.05.04\2019.05.04.csproj", "{9D592A86-1245-4673-8CA9-C9669FCAF9B2}"
EndProject
Project("{FAE04EC0-301F-11D3-BF4B-00C04F79EFBC}") = "2019.05.07", "2019.05.07\2019.05.07.csproj", "{F6083A54-73F9-41CE-AFE3-9819454BB74B}"
EndProject
Project("{FAE04EC0-301F-11D3-BF4B-00C04F79EFBC}") = "2019.04.27", "2019.04.27\2019.04.27.csproj", "{72D91D86-A848-4F2F-AB37-5F74C4E57B94}"
EndProject
Project("{FAE04EC0-301F-11D3-BF4B-00C04F79EFBC}") = "2019.04.20", "2019.04.20\2019.04.20.csproj", "{2D924C7B-0DC7-449B-9C0D-26AC81B0E2E5}"
EndProject
Project("{FAE04EC0-301F-11D3-BF4B-00C04F79EFBC}") = "2019.04.18", "2019.04.18\2019.04.18.csproj", "{CD90AA4F-B188-4893-8C06-E7F6FFA7A932}"
EndProject
Project("{FAE04EC0-301F-11D3-BF4B-00C04F79EFBC}") = "2019.04.13", "2019.04.13\2019.04.13.csproj", "{D6E3D9C4-A2EB-42F5-A048-61D4480C2921}"
EndProject
Project("{FAE04EC0-301F-11D3-BF4B-00C04F79EFBC}") = "2019.04.06", "2019.04.06\2019.04.06.csproj", "{E9AD73BF-1281-4438-BA7B-61770A908A97}"
EndProject
Project("{FAE04EC0-301F-11D3-BF4B-00C04F79EFBC}") = "2019.05.14", "2019.05.14\2019.05.14.csproj", "{409430B6-A366-4293-BFA1-65867B48F225}"
EndProject
Project("{FAE04EC0-301F-11D3-BF4B-00C04F79EFBC}") = "2019.05.25", "2019.05.25\2019.05.25.csproj", "{434D0EBF-0EAE-441A-9ABE-60A646F37199}"
EndProject
Global
	GlobalSection(SolutionConfigurationPlatforms) = preSolution
		Debug|Any CPU = Debug|Any CPU
		Release|Any CPU = Release|Any CPU
	EndGlobalSection
	GlobalSection(ProjectConfigurationPlatforms) = postSolution
		{01070C87-1E0D-4FA7-B27F-853E6B59A91D}.Debug|Any CPU.ActiveCfg = Debug|Any CPU
		{01070C87-1E0D-4FA7-B27F-853E6B59A91D}.Debug|Any CPU.Build.0 = Debug|Any CPU
		{01070C87-1E0D-4FA7-B27F-853E6B59A91D}.Release|Any CPU.ActiveCfg = Release|Any CPU
		{01070C87-1E0D-4FA7-B27F-853E6B59A91D}.Release|Any CPU.Build.0 = Release|Any CPU
		{9D592A86-1245-4673-8CA9-C9669FCAF9B2}.Debug|Any CPU.ActiveCfg = Debug|Any CPU
		{9D592A86-1245-4673-8CA9-C9669FCAF9B2}.Debug|Any CPU.Build.0 = Debug|Any CPU
		{9D592A86-1245-4673-8CA9-C9669FCAF9B2}.Release|Any CPU.ActiveCfg = Release|Any CPU
		{9D592A86-1245-4673-8CA9-C9669FCAF9B2}.Release|Any CPU.Build.0 = Release|Any CPU
		{F6083A54-73F9-41CE-AFE3-9819454BB74B}.Debug|Any CPU.ActiveCfg = Debug|Any CPU
		{F6083A54-73F9-41CE-AFE3-9819454BB74B}.Debug|Any CPU.Build.0 = Debug|Any CPU
		{F6083A54-73F9-41CE-AFE3-9819454BB74B}.Release|Any CPU.ActiveCfg = Release|Any CPU
		{F6083A54-73F9-41CE-AFE3-9819454BB74B}.Release|Any CPU.Build.0 = Release|Any CPU
		{72D91D86-A848-4F2F-AB37-5F74C4E57B94}.Debug|Any CPU.ActiveCfg = Debug|Any CPU
		{72D91D86-A848-4F2F-AB37-5F74C4E57B94}.Debug|Any CPU.Build.0 = Debug|Any CPU
		{72D91D86-A848-4F2F-AB37-5F74C4E57B94}.Release|Any CPU.ActiveCfg = Release|Any CPU
		{72D91D86-A848-4F2F-AB37-5F74C4E57B94}.Release|Any CPU.Build.0 = Release|Any CPU
		{2D924C7B-0DC7-449B-9C0D-26AC81B0E2E5}.Debug|Any CPU.ActiveCfg = Debug|Any CPU
		{2D924C7B-0DC7-449B-9C0D-26AC81B0E2E5}.Debug|Any CPU.Build.0 = Debug|Any CPU
		{2D924C7B-0DC7-449B-9C0D-26AC81B0E2E5}.Release|Any CPU.ActiveCfg = Release|Any CPU
		{2D924C7B-0DC7-449B-9C0D-26AC81B0E2E5}.Release|Any CPU.Build.0 = Release|Any CPU
		{CD90AA4F-B188-4893-8C06-E7F6FFA7A932}.Debug|Any CPU.ActiveCfg = Debug|Any CPU
		{CD90AA4F-B188-4893-8C06-E7F6FFA7A932}.Debug|Any CPU.Build.0 = Debug|Any CPU
		{CD90AA4F-B188-4893-8C06-E7F6FFA7A932}.Release|Any CPU.ActiveCfg = Release|Any CPU
		{CD90AA4F-B188-4893-8C06-E7F6FFA7A932}.Release|Any CPU.Build.0 = Release|Any CPU
		{D6E3D9C4-A2EB-42F5-A048-61D4480C2921}.Debug|Any CPU.ActiveCfg = Debug|Any CPU
		{D6E3D9C4-A2EB-42F5-A048-61D4480C2921}.Debug|Any CPU.Build.0 = Debug|Any CPU
		{D6E3D9C4-A2EB-42F5-A048-61D4480C2921}.Release|Any CPU.ActiveCfg = Release|Any CPU
		{D6E3D9C4-A2EB-42F5-A048-61D4480C2921}.Release|Any CPU.Build.0 = Release|Any CPU
		{E9AD73BF-1281-4438-BA7B-61770A908A97}.Debug|Any CPU.ActiveCfg = Debug|Any CPU
		{E9AD73BF-1281-4438-BA7B-61770A908A97}.Debug|Any CPU.Build.0 = Debug|Any CPU
		{E9AD73BF-1281-4438-BA7B-61770A908A97}.Release|Any CPU.ActiveCfg = Release|Any CPU
		{E9AD73BF-1281-4438-BA7B-61770A908A97}.Release|Any CPU.Build.0 = Release|Any CPU
		{409430B6-A366-4293-BFA1-65867B48F225}.Debug|Any CPU.ActiveCfg = Debug|Any CPU
		{409430B6-A366-4293-BFA1-65867B48F225}.Debug|Any CPU.Build.0 = Debug|Any CPU
		{409430B6-A366-4293-BFA1-65867B48F225}.Release|Any CPU.ActiveCfg = Release|Any CPU
		{409430B6-A366-4293-BFA1-65867B48F225}.Release|Any CPU.Build.0 = Release|Any CPU
		{434D0EBF-0EAE-441A-9ABE-60A646F37199}.Debug|Any CPU.ActiveCfg = Debug|Any CPU
		{434D0EBF-0EAE-441A-9ABE-60A646F37199}.Debug|Any CPU.Build.0 = Debug|Any CPU
		{434D0EBF-0EAE-441A-9ABE-60A646F37199}.Release|Any CPU.ActiveCfg = Release|Any CPU
		{434D0EBF-0EAE-441A-9ABE-60A646F37199}.Release|Any CPU.Build.0 = Release|Any CPU
	EndGlobalSection
	GlobalSection(SolutionProperties) = preSolution
		HideSolutionNode = FALSE
	EndGlobalSection
	GlobalSection(ExtensibilityGlobals) = postSolution
		SolutionGuid = {FB2E7AEC-EE73-489E-AE9C-71A22B957A1F}
	EndGlobalSection
EndGlobal
